
Microsoft Visual Studio Solution File, Format Version 12.00
# Visual Studio Version 18
VisualStudioVersion = 18.4.11605.240
MinimumVisualStudioVersion = 10.0.40219.1
Project("{FAE04EC0-301F-11D3-BF4B-00C04F79EFBC}") = "WoCo.Core", "WoCo.Core\WoCo.Core.csproj", "{C0AFA661-6D26-4BC4-AA41-476207D5D6ED}"
EndProject
Project("{FAE04EC0-301F-11D3-BF4B-00C04F79EFBC}") = "WoCo.Cli", "WoCo.Cli\WoCo.Cli.csproj", "{C9A9FE7E-987C-4274-8C5C-5CE39E647C60}"
EndProject
Project("{FAE04EC0-301F-11D3-BF4B-00C04F79EFBC}") = "WoCo.Wpf", "WoCo.Wpf\WoCo.Wpf.csproj", "{7C0157F4-57C5-4510-9C7B-BC2E3CBE4416}"
EndProject
Project("{FAE04EC0-301F-11D3-BF4B-00C04F79EFBC}") = "WoCo.Tests", "WoCo.Tests\WoCo.Tests.csproj", "{41781863-513A-429A-7D73-8D629DC1571D}"
EndProject
Global
	GlobalSection(SolutionConfigurationPlatforms) = preSolution
		Debug|Any CPU = Debug|Any CPU
		Debug|x64 = Debug|x64
		Debug|x86 = Debug|x86
		Release|Any CPU = Release|Any CPU
		Release|x64 = Release|x64
		Release|x86 = Release|x86
	EndGlobalSection
	GlobalSection(ProjectConfigurationPlatforms) = postSolution
		{C0AFA661-6D26-4BC4-AA41-476207D5D6ED}.Debug|Any CPU.ActiveCfg = Debug|Any CPU
		{C0AFA661-6D26-4BC4-AA41-476207D5D6ED}.Debug|Any CPU.Build.0 = Debug|Any CPU
		{C0AFA661-6D26-4BC4-AA41-476207D5D6ED}.Debug|x64.ActiveCfg = Debug|Any CPU
		{C0AFA661-6D26-4BC4-AA41-476207D5D6ED}.Debug|x64.Build.0 = Debug|Any CPU
		{C0AFA661-6D26-4BC4-AA41-476207D5D6ED}.Debug|x86.ActiveCfg = Debug|Any CPU
		{C0AFA661-6D26-4BC4-AA41-476207D5D6ED}.Debug|x86.Build.0 = Debug|Any CPU
		{C0AFA661-6D26-4BC4-AA41-476207D5D6ED}.Release|Any CPU.ActiveCfg = Release|Any CPU
		{C0AFA661-6D26-4BC4-AA41-476207D5D6ED}.Release|Any CPU.Build.0 = Release|Any CPU
		{C0AFA661-6D26-4BC4-AA41-476207D5D6ED}.Release|x64.ActiveCfg = Release|Any CPU
		{C0AFA661-6D26-4BC4-AA41-476207D5D6ED}.Release|x64.Build.0 = Release|Any CPU
		{C0AFA661-6D26-4BC4-AA41-476207D5D6ED}.Release|x86.ActiveCfg = Release|Any CPU
		{C0AFA661-6D26-4BC4-AA41-476207D5D6ED}.Release|x86.Build.0 = Release|Any CPU
		{C9A9FE7E-987C-4274-8C5C-5CE39E647C60}.Debug|Any CPU.ActiveCfg = Debug|Any CPU
		{C9A9FE7E-987C-4274-8C5C-5CE39E647C60}.Debug|Any CPU.Build.0 = Debug|Any CPU
		{C9A9FE7E-987C-4274-8C5C-5CE39E647C60}.Debug|x64.ActiveCfg = Debug|Any CPU
		{C9A9FE7E-987C-4274-8C5C-5CE39E647C60}.Debug|x64.Build.0 = Debug|Any CPU
		{C9A9FE7E-987C-4274-8C5C-5CE39E647C60}.Debug|x86.ActiveCfg = Debug|Any CPU
		{C9A9FE7E-987C-4274-8C5C-5CE39E647C60}.Debug|x86.Build.0 = Debug|Any CPU
		{C9A9FE7E-987C-4274-8C5C-5CE39E647C60}.Release|Any CPU.ActiveCfg = Release|Any CPU
		{C9A9FE7E-987C-4274-8C5C-5CE39E647C60}.Release|Any CPU.Build.0 = Release|Any CPU
		{C9A9FE7E-987C-4274-8C5C-5CE39E647C60}.Release|x64.ActiveCfg = Release|Any CPU
		{C9A9FE7E-987C-4274-8C5C-5CE39E647C60}.Release|x64.Build.0 = Release|Any CPU
		{C9A9FE7E-987C-4274-8C5C-5CE39E647C60}.Release|x86.ActiveCfg = Release|Any CPU
		{C9A9FE7E-987C-4274-8C5C-5CE39E647C60}.Release|x86.Build.0 = Release|Any CPU
		{7C0157F4-57C5-4510-9C7B-BC2E3CBE4416}.Debug|Any CPU.ActiveCfg = Debug|Any CPU
		{7C0157F4-57C5-4510-9C7B-BC2E3CBE4416}.Debug|Any CPU.Build.0 = Debug|Any CPU
		{7C0157F4-57C5-4510-9C7B-BC2E3CBE4416}.Debug|x64.ActiveCfg = Debug|Any CPU
		{7C0157F4-57C5-4510-9C7B-BC2E3CBE4416}.Debug|x64.Build.0 = Debug|Any CPU
		{7C0157F4-57C5-4510-9C7B-BC2E3CBE4416}.Debug|x86.ActiveCfg = Debug|Any CPU
		{7C0157F4-57C5-4510-9C7B-BC2E3CBE4416}.Debug|x86.Build.0 = Debug|Any CPU
		{7C0157F4-57C5-4510-9C7B-BC2E3CBE4416}.Release|Any CPU.ActiveCfg = Release|Any CPU
		{7C0157F4-57C5-4510-9C7B-BC2E3CBE4416}.Release|Any CPU.Build.0 = Release|Any CPU
		{7C0157F4-57C5-4510-9C7B-BC2E3CBE4416}.Release|x64.ActiveCfg = Release|Any CPU
		{7C0157F4-57C5-4510-9C7B-BC2E3CBE4416}.Release|x64.Build.0 = Release|Any CPU
		{7C0157F4-57C5-4510-9C7B-BC2E3CBE4416}.Release|x86.ActiveCfg = Release|Any CPU
		{7C0157F4-57C5-4510-9C7B-BC2E3CBE4416}.Release|x86.Build.0 = Release|Any CPU
		{41781863-513A-429A-7D73-8D629DC1571D}.Debug|Any CPU.ActiveCfg = Debug|Any CPU
		{41781863-513A-429A-7D73-8D629DC1571D}.Debug|Any CPU.Build.0 = Debug|Any CPU
		{41781863-513A-429A-7D73-8D629DC1571D}.Debug|x64.ActiveCfg = Debug|Any CPU
		{41781863-513A-429A-7D73-8D629DC1571D}.Debug|x64.Build.0 = Debug|Any CPU
		{41781863-513A-429A-7D73-8D629DC1571D}.Debug|x86.ActiveCfg = Debug|Any CPU
		{41781863-513A-429A-7D73-8D629DC1571D}.Debug|x86.Build.0 = Debug|Any CPU
		{41781863-513A-429A-7D73-8D629DC1571D}.Release|Any CPU.ActiveCfg = Release|Any CPU
		{41781863-513A-429A-7D73-8D629DC1571D}.Release|Any CPU.Build.0 = Release|Any CPU
		{41781863-513A-429A-7D73-8D629DC1571D}.Release|x64.ActiveCfg = Release|Any CPU
		{41781863-513A-429A-7D73-8D629DC1571D}.Release|x64.Build.0 = Release|Any CPU
		{41781863-513A-429A-7D73-8D629DC1571D}.Release|x86.ActiveCfg = Release|Any CPU
		{41781863-513A-429A-7D73-8D629DC1571D}.Release|x86.Build.0 = Release|Any CPU
	EndGlobalSection
	GlobalSection(SolutionProperties) = preSolution
		HideSolutionNode = FALSE
	EndGlobalSection
	GlobalSection(ExtensibilityGlobals) = postSolution
		SolutionGuid = {45901988-E62A-43A8-A6A9-8CFC9EAEEF77}
	EndGlobalSection
EndGlobal
